
Microsoft Visual Studio Solution File, Format Version 12.00
# Visual Studio Version 17
VisualStudioVersion = 17.5.33530.505
MinimumVisualStudioVersion = 10.0.40219.1
Project("{888888A0-9F3D-457C-B088-3A5042F75D52}") = "PythonApplication5", "PythonApplication5\PythonApplication5.pyproj", "{F9A243C3-B4DB-4F1B-89B9-5F75C24F69B0}"
EndProject
Global
	GlobalSection(SolutionConfigurationPlatforms) = preSolution
		Debug|Any CPU = Debug|Any CPU
		Release|Any CPU = Release|Any CPU
	EndGlobalSection
	GlobalSection(ProjectConfigurationPlatforms) = postSolution
		{F9A243C3-B4DB-4F1B-89B9-5F75C24F69B0}.Debug|Any CPU.ActiveCfg = Debug|Any CPU
		{F9A243C3-B4DB-4F1B-89B9-5F75C24F69B0}.Release|Any CPU.ActiveCfg = Release|Any CPU
	EndGlobalSection
	GlobalSection(SolutionProperties) = preSolution
		HideSolutionNode = FALSE
	EndGlobalSection
	GlobalSection(ExtensibilityGlobals) = postSolution
		SolutionGuid = {99594CEA-C825-4BFD-A81A-317844596132}
	EndGlobalSection
EndGlobal
